// !$*UTF8*$!
{
	archiveVersion = 1;
	classes = {
	};
	objectVersion = 56;
	objects = {

/* Begin PBXBuildFile section */
		5E58B0F8292D980200A2B099 /* EmployeeListViewModel.swift in Sources */ = {isa = PBXBuildFile; fileRef = 5E58B0F7292D980200A2B099 /* EmployeeListViewModel.swift */; };
		5E58B0FD292D987E00A2B099 /* SpamWordsServiceError.swift in Sources */ = {isa = PBXBuildFile; fileRef = 5E58B0FC292D987E00A2B099 /* SpamWordsServiceError.swift */; };
		5E58B120292EB17C00A2B099 /* EmployeeListModel.swift in Sources */ = {isa = PBXBuildFile; fileRef = 5E58B11F292EB17C00A2B099 /* EmployeeListModel.swift */; };
		5E58B122292EB1E100A2B099 /* EmployeeListService.swift in Sources */ = {isa = PBXBuildFile; fileRef = 5E58B121292EB1E100A2B099 /* EmployeeListService.swift */; };
		5E58B126292ECA2C00A2B099 /* EmployeeRow.swift in Sources */ = {isa = PBXBuildFile; fileRef = 5E58B125292ECA2C00A2B099 /* EmployeeRow.swift */; };
		5E58B128292EF88100A2B099 /* EmployeeView.swift in Sources */ = {isa = PBXBuildFile; fileRef = 5E58B127292EF88100A2B099 /* EmployeeView.swift */; };
		5E58B12A292F0D8E00A2B099 /* ImageLoader.swift in Sources */ = {isa = PBXBuildFile; fileRef = 5E58B129292F0D8E00A2B099 /* ImageLoader.swift */; };
		5E66F941292BF57B0072B381 /* EmployeeDirectoryApp.swift in Sources */ = {isa = PBXBuildFile; fileRef = 5E66F940292BF57B0072B381 /* EmployeeDirectoryApp.swift */; };
		5E66F945292BF57D0072B381 /* Assets.xcassets in Resources */ = {isa = PBXBuildFile; fileRef = 5E66F944292BF57D0072B381 /* Assets.xcassets */; };
		5E66F948292BF57D0072B381 /* Preview Assets.xcassets in Resources */ = {isa = PBXBuildFile; fileRef = 5E66F947292BF57D0072B381 /* Preview Assets.xcassets */; };
		5E66F94F292C091A0072B381 /* OnBoardingView.swift in Sources */ = {isa = PBXBuildFile; fileRef = 5E66F94E292C091A0072B381 /* OnBoardingView.swift */; };
		5E66F958292C26200072B381 /* EmployeeListView.swift in Sources */ = {isa = PBXBuildFile; fileRef = 5E66F957292C26200072B381 /* EmployeeListView.swift */; };
		5E66F95A292C262E0072B381 /* SettingsView.swift in Sources */ = {isa = PBXBuildFile; fileRef = 5E66F959292C262E0072B381 /* SettingsView.swift */; };
		5E66F95E292C27B30072B381 /* BottomTabView.swift in Sources */ = {isa = PBXBuildFile; fileRef = 5E66F95D292C27B30072B381 /* BottomTabView.swift */; };
		5E66F963292C33310072B381 /* Localizable.strings in Resources */ = {isa = PBXBuildFile; fileRef = 5E66F965292C33310072B381 /* Localizable.strings */; };
		5E66F968292C35F50072B381 /* SettingViewModel.swift in Sources */ = {isa = PBXBuildFile; fileRef = 5E66F967292C35F50072B381 /* SettingViewModel.swift */; };
		5EC8FF61293406B1005A5526 /* SwiftUIView.swift in Sources */ = {isa = PBXBuildFile; fileRef = 5EC8FF60293406B1005A5526 /* SwiftUIView.swift */; };
		5EC8FF6429355371005A5526 /* EmployeeCacheManager.swift in Sources */ = {isa = PBXBuildFile; fileRef = 5EC8FF6329355371005A5526 /* EmployeeCacheManager.swift */; };
		5EC8FF6629355791005A5526 /* EmployeeViewModel.swift in Sources */ = {isa = PBXBuildFile; fileRef = 5EC8FF6529355791005A5526 /* EmployeeViewModel.swift */; };
/* End PBXBuildFile section */

/* Begin PBXFileReference section */
		5E58B0F7292D980200A2B099 /* EmployeeListViewModel.swift */ = {isa = PBXFileReference; lastKnownFileType = sourcecode.swift; path = EmployeeListViewModel.swift; sourceTree = "<group>"; };
		5E58B0FC292D987E00A2B099 /* SpamWordsServiceError.swift */ = {isa = PBXFileReference; lastKnownFileType = sourcecode.swift; path = SpamWordsServiceError.swift; sourceTree = "<group>"; };
		5E58B11F292EB17C00A2B099 /* EmployeeListModel.swift */ = {isa = PBXFileReference; lastKnownFileType = sourcecode.swift; path = EmployeeListModel.swift; sourceTree = "<group>"; };
		5E58B121292EB1E100A2B099 /* EmployeeListService.swift */ = {isa = PBXFileReference; lastKnownFileType = sourcecode.swift; path = EmployeeListService.swift; sourceTree = "<group>"; };
		5E58B125292ECA2C00A2B099 /* EmployeeRow.swift */ = {isa = PBXFileReference; lastKnownFileType = sourcecode.swift; path = EmployeeRow.swift; sourceTree = "<group>"; };
		5E58B127292EF88100A2B099 /* EmployeeView.swift */ = {isa = PBXFileReference; lastKnownFileType = sourcecode.swift; path = EmployeeView.swift; sourceTree = "<group>"; };
		5E58B129292F0D8E00A2B099 /* ImageLoader.swift */ = {isa = PBXFileReference; lastKnownFileType = sourcecode.swift; path = ImageLoader.swift; sourceTree = "<group>"; };
		5E66F93D292BF57B0072B381 /* EmployeeDirectory.app */ = {isa = PBXFileReference; explicitFileType = wrapper.application; includeInIndex = 0; path = EmployeeDirectory.app; sourceTree = BUILT_PRODUCTS_DIR; };
		5E66F940292BF57B0072B381 /* EmployeeDirectoryApp.swift */ = {isa = PBXFileReference; lastKnownFileType = sourcecode.swift; path = EmployeeDirectoryApp.swift; sourceTree = "<group>"; };
		5E66F944292BF57D0072B381 /* Assets.xcassets */ = {isa = PBXFileReference; lastKnownFileType = folder.assetcatalog; path = Assets.xcassets; sourceTree = "<group>"; };
		5E66F947292BF57D0072B381 /* Preview Assets.xcassets */ = {isa = PBXFileReference; lastKnownFileType = folder.assetcatalog; path = "Preview Assets.xcassets"; sourceTree = "<group>"; };
		5E66F94E292C091A0072B381 /* OnBoardingView.swift */ = {isa = PBXFileReference; lastKnownFileType = sourcecode.swift; path = OnBoardingView.swift; sourceTree = "<group>"; };
		5E66F957292C26200072B381 /* EmployeeListView.swift */ = {isa = PBXFileReference; lastKnownFileType = sourcecode.swift; path = EmployeeListView.swift; sourceTree = "<group>"; };
		5E66F959292C262E0072B381 /* SettingsView.swift */ = {isa = PBXFileReference; lastKnownFileType = sourcecode.swift; path = SettingsView.swift; sourceTree = "<group>"; };
		5E66F95D292C27B30072B381 /* BottomTabView.swift */ = {isa = PBXFileReference; lastKnownFileType = sourcecode.swift; path = BottomTabView.swift; sourceTree = "<group>"; };
		5E66F964292C33310072B381 /* en */ = {isa = PBXFileReference; lastKnownFileType = text.plist.strings; name = en; path = en.lproj/Localizable.strings; sourceTree = "<group>"; };
		5E66F966292C33370072B381 /* hi */ = {isa = PBXFileReference; lastKnownFileType = text.plist.strings; name = hi; path = hi.lproj/Localizable.strings; sourceTree = "<group>"; };
		5E66F967292C35F50072B381 /* SettingViewModel.swift */ = {isa = PBXFileReference; lastKnownFileType = sourcecode.swift; path = SettingViewModel.swift; sourceTree = "<group>"; };
		5EC8FF60293406B1005A5526 /* SwiftUIView.swift */ = {isa = PBXFileReference; lastKnownFileType = sourcecode.swift; path = SwiftUIView.swift; sourceTree = "<group>"; };
		5EC8FF6329355371005A5526 /* EmployeeCacheManager.swift */ = {isa = PBXFileReference; lastKnownFileType = sourcecode.swift; path = EmployeeCacheManager.swift; sourceTree = "<group>"; };
		5EC8FF6529355791005A5526 /* EmployeeViewModel.swift */ = {isa = PBXFileReference; lastKnownFileType = sourcecode.swift; path = EmployeeViewModel.swift; sourceTree = "<group>"; };
/* End PBXFileReference section */

/* Begin PBXFrameworksBuildPhase section */
		5E66F93A292BF57B0072B381 /* Frameworks */ = {
			isa = PBXFrameworksBuildPhase;
			buildActionMask = 2147483647;
			files = (
			);
			runOnlyForDeploymentPostprocessing = 0;
		};
/* End PBXFrameworksBuildPhase section */

/* Begin PBXGroup section */
		5E58B0F9292D983900A2B099 /* Services */ = {
			isa = PBXGroup;
			children = (
				5E58B121292EB1E100A2B099 /* EmployeeListService.swift */,
				5E58B0FC292D987E00A2B099 /* SpamWordsServiceError.swift */,
			);
			path = Services;
			sourceTree = "<group>";
		};
		5E58B0FE292D989600A2B099 /* Models */ = {
			isa = PBXGroup;
			children = (
				5E58B11F292EB17C00A2B099 /* EmployeeListModel.swift */,
				5EC8FF60293406B1005A5526 /* SwiftUIView.swift */,
			);
			path = Models;
			sourceTree = "<group>";
		};
		5E66F934292BF57B0072B381 = {
			isa = PBXGroup;
			children = (
				5E66F93F292BF57B0072B381 /* EmployeeDirectory */,
				5E66F93E292BF57B0072B381 /* Products */,
			);
			sourceTree = "<group>";
		};
		5E66F93E292BF57B0072B381 /* Products */ = {
			isa = PBXGroup;
			children = (
				5E66F93D292BF57B0072B381 /* EmployeeDirectory.app */,
			);
			name = Products;
			sourceTree = "<group>";
		};
		5E66F93F292BF57B0072B381 /* EmployeeDirectory */ = {
			isa = PBXGroup;
			children = (
				5EC8FF6229355325005A5526 /* CacheManager */,
				5E58B0FE292D989600A2B099 /* Models */,
				5E58B0F9292D983900A2B099 /* Services */,
				5E66F965292C33310072B381 /* Localizable.strings */,
				5E66F954292C254D0072B381 /* ViewModels */,
				5E66F953292C25460072B381 /* Views */,
				5E66F940292BF57B0072B381 /* EmployeeDirectoryApp.swift */,
				5E66F944292BF57D0072B381 /* Assets.xcassets */,
				5E66F946292BF57D0072B381 /* Preview Content */,
			);
			path = EmployeeDirectory;
			sourceTree = "<group>";
		};
		5E66F946292BF57D0072B381 /* Preview Content */ = {
			isa = PBXGroup;
			children = (
				5E66F947292BF57D0072B381 /* Preview Assets.xcassets */,
			);
			path = "Preview Content";
			sourceTree = "<group>";
		};
		5E66F953292C25460072B381 /* Views */ = {
			isa = PBXGroup;
			children = (
				5E66F95D292C27B30072B381 /* BottomTabView.swift */,
				5E66F94E292C091A0072B381 /* OnBoardingView.swift */,
				5E66F957292C26200072B381 /* EmployeeListView.swift */,
				5E66F959292C262E0072B381 /* SettingsView.swift */,
				5E58B125292ECA2C00A2B099 /* EmployeeRow.swift */,
				5E58B127292EF88100A2B099 /* EmployeeView.swift */,
				5E58B129292F0D8E00A2B099 /* ImageLoader.swift */,
			);
			path = Views;
			sourceTree = "<group>";
		};
		5E66F954292C254D0072B381 /* ViewModels */ = {
			isa = PBXGroup;
			children = (
				5E66F967292C35F50072B381 /* SettingViewModel.swift */,
				5E58B0F7292D980200A2B099 /* EmployeeListViewModel.swift */,
				5EC8FF6529355791005A5526 /* EmployeeViewModel.swift */,
			);
			path = ViewModels;
			sourceTree = "<group>";
		};
		5EC8FF6229355325005A5526 /* CacheManager */ = {
			isa = PBXGroup;
			children = (
				5EC8FF6329355371005A5526 /* EmployeeCacheManager.swift */,
			);
			path = CacheManager;
			sourceTree = "<group>";
		};
/* End PBXGroup section */

/* Begin PBXNativeTarget section */
		5E66F93C292BF57B0072B381 /* EmployeeDirectory */ = {
			isa = PBXNativeTarget;
			buildConfigurationList = 5E66F94B292BF57D0072B381 /* Build configuration list for PBXNativeTarget "EmployeeDirectory" */;
			buildPhases = (
				5E66F939292BF57B0072B381 /* Sources */,
				5E66F93A292BF57B0072B381 /* Frameworks */,
				5E66F93B292BF57B0072B381 /* Resources */,
			);
			buildRules = (
			);
			dependencies = (
			);
			name = EmployeeDirectory;
			productName = EmployeeDirectory;
			productReference = 5E66F93D292BF57B0072B381 /* EmployeeDirectory.app */;
			productType = "com.apple.product-type.application";
		};
/* End PBXNativeTarget section */

/* Begin PBXProject section */
		5E66F935292BF57B0072B381 /* Project object */ = {
			isa = PBXProject;
			attributes = {
				BuildIndependentTargetsInParallel = 1;
				LastSwiftUpdateCheck = 1400;
				LastUpgradeCheck = 1400;
				TargetAttributes = {
					5E66F93C292BF57B0072B381 = {
						CreatedOnToolsVersion = 14.0.1;
					};
				};
			};
			buildConfigurationList = 5E66F938292BF57B0072B381 /* Build configuration list for PBXProject "EmployeeDirectory" */;
			compatibilityVersion = "Xcode 14.0";
			developmentRegion = en;
			hasScannedForEncodings = 0;
			knownRegions = (
				en,
				hi,
			);
			mainGroup = 5E66F934292BF57B0072B381;
			productRefGroup = 5E66F93E292BF57B0072B381 /* Products */;
			projectDirPath = "";
			projectRoot = "";
			targets = (
				5E66F93C292BF57B0072B381 /* EmployeeDirectory */,
			);
		};
/* End PBXProject section */

/* Begin PBXResourcesBuildPhase section */
		5E66F93B292BF57B0072B381 /* Resources */ = {
			isa = PBXResourcesBuildPhase;
			buildActionMask = 2147483647;
			files = (
				5E66F948292BF57D0072B381 /* Preview Assets.xcassets in Resources */,
				5E66F963292C33310072B381 /* Localizable.strings in Resources */,
				5E66F945292BF57D0072B381 /* Assets.xcassets in Resources */,
			);
			runOnlyForDeploymentPostprocessing = 0;
		};
/* End PBXResourcesBuildPhase section */

/* Begin PBXSourcesBuildPhase section */
		5E66F939292BF57B0072B381 /* Sources */ = {
			isa = PBXSourcesBuildPhase;
			buildActionMask = 2147483647;
			files = (
				5E66F94F292C091A0072B381 /* OnBoardingView.swift in Sources */,
				5E58B126292ECA2C00A2B099 /* EmployeeRow.swift in Sources */,
				5E58B120292EB17C00A2B099 /* EmployeeListModel.swift in Sources */,
				5E58B0FD292D987E00A2B099 /* SpamWordsServiceError.swift in Sources */,
				5E58B128292EF88100A2B099 /* EmployeeView.swift in Sources */,
				5EC8FF6429355371005A5526 /* EmployeeCacheManager.swift in Sources */,
				5E66F968292C35F50072B381 /* SettingViewModel.swift in Sources */,
				5E58B122292EB1E100A2B099 /* EmployeeListService.swift in Sources */,
				5E66F958292C26200072B381 /* EmployeeListView.swift in Sources */,
				5EC8FF61293406B1005A5526 /* SwiftUIView.swift in Sources */,
				5E66F941292BF57B0072B381 /* EmployeeDirectoryApp.swift in Sources */,
				5E66F95E292C27B30072B381 /* BottomTabView.swift in Sources */,
				5E58B0F8292D980200A2B099 /* EmployeeListViewModel.swift in Sources */,
				5E66F95A292C262E0072B381 /* SettingsView.swift in Sources */,
				5EC8FF6629355791005A5526 /* EmployeeViewModel.swift in Sources */,
				5E58B12A292F0D8E00A2B099 /* ImageLoader.swift in Sources */,
			);
			runOnlyForDeploymentPostprocessing = 0;
		};
/* End PBXSourcesBuildPhase section */

/* Begin PBXVariantGroup section */
		5E66F965292C33310072B381 /* Localizable.strings */ = {
			isa = PBXVariantGroup;
			children = (
				5E66F964292C33310072B381 /* en */,
				5E66F966292C33370072B381 /* hi */,
			);
			name = Localizable.strings;
			sourceTree = "<group>";
		};
/* End PBXVariantGroup section */

/* Begin XCBuildConfiguration section */
		5E66F949292BF57D0072B381 /* Debug */ = {
			isa = XCBuildConfiguration;
			buildSettings = {
				ALWAYS_SEARCH_USER_PATHS = NO;
				CLANG_ANALYZER_NONNULL = YES;
				CLANG_ANALYZER_NUMBER_OBJECT_CONVERSION = YES_AGGRESSIVE;
				CLANG_CXX_LANGUAGE_STANDARD = "gnu++20";
				CLANG_ENABLE_MODULES = YES;
				CLANG_ENABLE_OBJC_ARC = YES;
				CLANG_ENABLE_OBJC_WEAK = YES;
				CLANG_WARN_BLOCK_CAPTURE_AUTORELEASING = YES;
				CLANG_WARN_BOOL_CONVERSION = YES;
				CLANG_WARN_COMMA = YES;
				CLANG_WARN_CONSTANT_CONVERSION = YES;
				CLANG_WARN_DEPRECATED_OBJC_IMPLEMENTATIONS = YES;
				CLANG_WARN_DIRECT_OBJC_ISA_USAGE = YES_ERROR;
				CLANG_WARN_DOCUMENTATION_COMMENTS = YES;
				CLANG_WARN_EMPTY_BODY = YES;
				CLANG_WARN_ENUM_CONVERSION = YES;
				CLANG_WARN_INFINITE_RECURSION = YES;
				CLANG_WARN_INT_CONVERSION = YES;
				CLANG_WARN_NON_LITERAL_NULL_CONVERSION = YES;
				CLANG_WARN_OBJC_IMPLICIT_RETAIN_SELF = YES;
				CLANG_WARN_OBJC_LITERAL_CONVERSION = YES;
				CLANG_WARN_OBJC_ROOT_CLASS = YES_ERROR;
				CLANG_WARN_QUOTED_INCLUDE_IN_FRAMEWORK_HEADER = YES;
				CLANG_WARN_RANGE_LOOP_ANALYSIS = YES;
				CLANG_WARN_STRICT_PROTOTYPES = YES;
				CLANG_WARN_SUSPICIOUS_MOVE = YES;
				CLANG_WARN_UNGUARDED_AVAILABILITY = YES_AGGRESSIVE;
				CLANG_WARN_UNREACHABLE_CODE = YES;
				CLANG_WARN__DUPLICATE_METHOD_MATCH = YES;
				COPY_PHASE_STRIP = NO;
				DEBUG_INFORMATION_FORMAT = dwarf;
				ENABLE_STRICT_OBJC_MSGSEND = YES;
				ENABLE_TESTABILITY = YES;
				GCC_C_LANGUAGE_STANDARD = gnu11;
				GCC_DYNAMIC_NO_PIC = NO;
				GCC_NO_COMMON_BLOCKS = YES;
				GCC_OPTIMIZATION_LEVEL = 0;
				GCC_PREPROCESSOR_DEFINITIONS = (
					"DEBUG=1",
					"$(inherited)",
				);
				GCC_WARN_64_TO_32_BIT_CONVERSION = YES;
				GCC_WARN_ABOUT_RETURN_TYPE = YES_ERROR;
				GCC_WARN_UNDECLARED_SELECTOR = YES;
				GCC_WARN_UNINITIALIZED_AUTOS = YES_AGGRESSIVE;
				GCC_WARN_UNUSED_FUNCTION = YES;
				GCC_WARN_UNUSED_VARIABLE = YES;
				IPHONEOS_DEPLOYMENT_TARGET = 16.0;
				MTL_ENABLE_DEBUG_INFO = INCLUDE_SOURCE;
				MTL_FAST_MATH = YES;
				ONLY_ACTIVE_ARCH = YES;
				SDKROOT = iphoneos;
				SWIFT_ACTIVE_COMPILATION_CONDITIONS = DEBUG;
				SWIFT_OPTIMIZATION_LEVEL = "-Onone";
			};
			name = Debug;
		};
		5E66F94A292BF57D0072B381 /* Release */ = {
			isa = XCBuildConfiguration;
			buildSettings = {
				ALWAYS_SEARCH_USER_PATHS = NO;
				CLANG_ANALYZER_NONNULL = YES;
				CLANG_ANALYZER_NUMBER_OBJECT_CONVERSION = YES_AGGRESSIVE;
				CLANG_CXX_LANGUAGE_STANDARD = "gnu++20";
				CLANG_ENABLE_MODULES = YES;
				CLANG_ENABLE_OBJC_ARC = YES;
				CLANG_ENABLE_OBJC_WEAK = YES;
				CLANG_WARN_BLOCK_CAPTURE_AUTORELEASING = YES;
				CLANG_WARN_BOOL_CONVERSION = YES;
				CLANG_WARN_COMMA = YES;
				CLANG_WARN_CONSTANT_CONVERSION = YES;
				CLANG_WARN_DEPRECATED_OBJC_IMPLEMENTATIONS = YES;
				CLANG_WARN_DIRECT_OBJC_ISA_USAGE = YES_ERROR;
				CLANG_WARN_DOCUMENTATION_COMMENTS = YES;
				CLANG_WARN_EMPTY_BODY = YES;
				CLANG_WARN_ENUM_CONVERSION = YES;
				CLANG_WARN_INFINITE_RECURSION = YES;
				CLANG_WARN_INT_CONVERSION = YES;
				CLANG_WARN_NON_LITERAL_NULL_CONVERSION = YES;
				CLANG_WARN_OBJC_IMPLICIT_RETAIN_SELF = YES;
				CLANG_WARN_OBJC_LITERAL_CONVERSION = YES;
				CLANG_WARN_OBJC_ROOT_CLASS = YES_ERROR;
				CLANG_WARN_QUOTED_INCLUDE_IN_FRAMEWORK_HEADER = YES;
				CLANG_WARN_RANGE_LOOP_ANALYSIS = YES;
				CLANG_WARN_STRICT_PROTOTYPES = YES;
				CLANG_WARN_SUSPICIOUS_MOVE = YES;
				CLANG_WARN_UNGUARDED_AVAILABILITY = YES_AGGRESSIVE;
				CLANG_WARN_UNREACHABLE_CODE = YES;
				CLANG_WARN__DUPLICATE_METHOD_MATCH = YES;
				COPY_PHASE_STRIP = NO;
				DEBUG_INFORMATION_FORMAT = "dwarf-with-dsym";
				ENABLE_NS_ASSERTIONS = NO;
				ENABLE_STRICT_OBJC_MSGSEND = YES;
				GCC_C_LANGUAGE_STANDARD = gnu11;
				GCC_NO_COMMON_BLOCKS = YES;
				GCC_WARN_64_TO_32_BIT_CONVERSION = YES;
				GCC_WARN_ABOUT_RETURN_TYPE = YES_ERROR;
				GCC_WARN_UNDECLARED_SELECTOR = YES;
				GCC_WARN_UNINITIALIZED_AUTOS = YES_AGGRESSIVE;
				GCC_WARN_UNUSED_FUNCTION = YES;
				GCC_WARN_UNUSED_VARIABLE = YES;
				IPHONEOS_DEPLOYMENT_TARGET = 16.0;
				MTL_ENABLE_DEBUG_INFO = NO;
				MTL_FAST_MATH = YES;
				SDKROOT = iphoneos;
				SWIFT_COMPILATION_MODE = wholemodule;
				SWIFT_OPTIMIZATION_LEVEL = "-O";
				VALIDATE_PRODUCT = YES;
			};
			name = Release;
		};
		5E66F94C292BF57D0072B381 /* Debug */ = {
			isa = XCBuildConfiguration;
			buildSettings = {
				ASSETCATALOG_COMPILER_APPICON_NAME = AppIcon;
				ASSETCATALOG_COMPILER_GLOBAL_ACCENT_COLOR_NAME = AccentColor;
				CODE_SIGN_STYLE = Automatic;
				CURRENT_PROJECT_VERSION = 1;
				DEVELOPMENT_ASSET_PATHS = "\"EmployeeDirectory/Preview Content\"";
				ENABLE_PREVIEWS = YES;
				GENERATE_INFOPLIST_FILE = YES;
				INFOPLIST_KEY_CFBundleDisplayName = "Employee Directory";
				INFOPLIST_KEY_UIApplicationSceneManifest_Generation = YES;
				INFOPLIST_KEY_UIApplicationSupportsIndirectInputEvents = YES;
				INFOPLIST_KEY_UILaunchScreen_Generation = YES;
				INFOPLIST_KEY_UISupportedInterfaceOrientations_iPad = "UIInterfaceOrientationPortrait UIInterfaceOrientationPortraitUpsideDown UIInterfaceOrientationLandscapeLeft UIInterfaceOrientationLandscapeRight";
				INFOPLIST_KEY_UISupportedInterfaceOrientations_iPhone = "UIInterfaceOrientationPortrait UIInterfaceOrientationLandscapeLeft UIInterfaceOrientationLandscapeRight";
				LD_RUNPATH_SEARCH_PATHS = (
					"$(inherited)",
					"@executable_path/Frameworks",
				);
				MARKETING_VERSION = 1.0;
				PRODUCT_BUNDLE_IDENTIFIER = com.uday.EmployeeDirectory;
				PRODUCT_NAME = "$(TARGET_NAME)";
				SWIFT_EMIT_LOC_STRINGS = YES;
				SWIFT_VERSION = 5.0;
				TARGETED_DEVICE_FAMILY = "1,2";
			};
			name = Debug;
		};
		5E66F94D292BF57D0072B381 /* Release */ = {
			isa = XCBuildConfiguration;
			buildSettings = {
				ASSETCATALOG_COMPILER_APPICON_NAME = AppIcon;
				ASSETCATALOG_COMPILER_GLOBAL_ACCENT_COLOR_NAME = AccentColor;
				CODE_SIGN_STYLE = Automatic;
				CURRENT_PROJECT_VERSION = 1;
				DEVELOPMENT_ASSET_PATHS = "\"EmployeeDirectory/Preview Content\"";
				ENABLE_PREVIEWS = YES;
				GENERATE_INFOPLIST_FILE = YES;
				INFOPLIST_KEY_CFBundleDisplayName = "Employee Directory";
				INFOPLIST_KEY_UIApplicationSceneManifest_Generation = YES;
				INFOPLIST_KEY_UIApplicationSupportsIndirectInputEvents = YES;
				INFOPLIST_KEY_UILaunchScreen_Generation = YES;
				INFOPLIST_KEY_UISupportedInterfaceOrientations_iPad = "UIInterfaceOrientationPortrait UIInterfaceOrientationPortraitUpsideDown UIInterfaceOrientationLandscapeLeft UIInterfaceOrientationLandscapeRight";
				INFOPLIST_KEY_UISupportedInterfaceOrientations_iPhone = "UIInterfaceOrientationPortrait UIInterfaceOrientationLandscapeLeft UIInterfaceOrientationLandscapeRight";
				LD_RUNPATH_SEARCH_PATHS = (
					"$(inherited)",
					"@executable_path/Frameworks",
				);
				MARKETING_VERSION = 1.0;
				PRODUCT_BUNDLE_IDENTIFIER = com.uday.EmployeeDirectory;
				PRODUCT_NAME = "$(TARGET_NAME)";
				SWIFT_EMIT_LOC_STRINGS = YES;
				SWIFT_VERSION = 5.0;
				TARGETED_DEVICE_FAMILY = "1,2";
			};
			name = Release;
		};
/* End XCBuildConfiguration section */

/* Begin XCConfigurationList section */
		5E66F938292BF57B0072B381 /* Build configuration list for PBXProject "EmployeeDirectory" */ = {
			isa = XCConfigurationList;
			buildConfigurations = (
				5E66F949292BF57D0072B381 /* Debug */,
				5E66F94A292BF57D0072B381 /* Release */,
			);
			defaultConfigurationIsVisible = 0;
			defaultConfigurationName = Release;
		};
		5E66F94B292BF57D0072B381 /* Build configuration list for PBXNativeTarget "EmployeeDirectory" */ = {
			isa = XCConfigurationList;
			buildConfigurations = (
				5E66F94C292BF57D0072B381 /* Debug */,
				5E66F94D292BF57D0072B381 /* Release */,
			);
			defaultConfigurationIsVisible = 0;
			defaultConfigurationName = Release;
		};
/* End XCConfigurationList section */
	};
	rootObject = 5E66F935292BF57B0072B381 /* Project object */;
}
